{
  "requires": true,
  "lockfileVersion": 1,
  "dependencies": {
    "react-naver-login": {
      "version": "0.1.4",
      "resolved": "https://registry.npmjs.org/react-naver-login/-/react-naver-login-0.1.4.tgz",
      "integrity": "sha512-ZFciTw96TyqSmCNjNqTqa8VeP1Y0Hl7Ult9uN6+Y6egpBSjLU8IwB1Y3gfltZYrPQC9uoqr6nICi4SX4JYhoGQ=="
    }
  }
}
